FORGE
  remote: https://forgeapi.puppetlabs.com
  specs:
    gini-archive (0.2.0)
    puppetlabs-apt (2.2.0)
      puppetlabs-stdlib (< 5.0.0, >= 4.5.0)
    puppetlabs-stdlib (4.9.0)
    stahnma-epel (1.1.1)
    stankevich-python (1.10.0)
      puppetlabs-stdlib (< 6.0.0, >= 4.6.0)
      stahnma-epel (< 2.0.0, >= 1.0.1)

GIT
  remote: git://github.com/pulling-strings/attachmentgenie-ufw.git
  ref: master
  sha: 314ece9540577e811624cd38ba5d94914de569a8
  specs:
    strings-ufw (2.0.0)
      puppetlabs-stdlib (< 5.0.0, >= 2.2.1)

GIT
  remote: git://github.com/pulling-strings/puppet-desktop.git
  ref: master
  sha: 3117ce75e44a4dbb0072aad7965d7d5a2aca0a05
  specs:
    strings-desktop (0.1.0)
      puppetlabs-apt (>= 2.1.1)
      puppetlabs-stdlib (< 5.0.0, >= 2.2.1)

GIT
  remote: git://github.com/pulling-strings/puppet-git.git
  ref: master
  sha: 5287b58d3bfcdf740e0eed9409410accd9c20c44
  specs:
    strings-git (0.0.1)

GIT
  remote: git://github.com/pulling-strings/puppet-pullib.git
  ref: master
  sha: 65fc1cbd949dbc4e4400f16a190f51832e08662e
  specs:
    strings-pullib (0.0.1)
      puppetlabs-stdlib (>= 1.0.0)

GIT
  remote: git://github.com/pulling-strings/puppet-shell.git
  ref: master
  sha: 6ebfbd89859cd81d06880d54eaf075bb432999d9
  specs:
    strings-shell (0.2.0)
      stankevich-python (>= 1.7.8)

GIT
  remote: git://github.com/pulling-strings/puppet-vpnize.git
  ref: master
  sha: b481b1f0b09793ec2a863d3056bf183ce8ae7123
  specs:
    strings-vpnize (0.0.1)
      gini-archive (= 0.2.0)
      puppetlabs-stdlib (>= 1.0.0)

DEPENDENCIES
  puppetlabs-stdlib (>= 0)
  strings-desktop (>= 0)
  strings-git (>= 0)
  strings-pullib (>= 0)
  strings-shell (>= 0)
  strings-ufw (>= 0)
  strings-vpnize (>= 0)

